
Microsoft Visual Studio Solution File, Format Version 12.00
# Visual Studio Version 17
VisualStudioVersion = 17.0.31912.275
MinimumVisualStudioVersion = 10.0.40219.1
Project("{FAE04EC0-301F-11D3-BF4B-00C04F79EFBC}") = "Day1", "Day1\Day1.csproj", "{4350331B-B6A5-40C8-904B-351F4FD97D0C}"
EndProject
Global
	GlobalSection(SolutionConfigurationPlatforms) = preSolution
		Debug|Any CPU = Debug|Any CPU
		Release|Any CPU = Release|Any CPU
	EndGlobalSection
	GlobalSection(ProjectConfigurationPlatforms) = postSolution
		{B02A04B8-4EC5-4BB5-8684-3E1867E5D18F}.Debug|Any CPU.ActiveCfg = Debug|Any CPU
		{B02A04B8-4EC5-4BB5-8684-3E1867E5D18F}.Debug|Any CPU.Build.0 = Debug|Any CPU
		{B02A04B8-4EC5-4BB5-8684-3E1867E5D18F}.Release|Any CPU.ActiveCfg = Release|Any CPU
		{B02A04B8-4EC5-4BB5-8684-3E1867E5D18F}.Release|Any CPU.Build.0 = Release|Any CPU
		{4350331B-B6A5-40C8-904B-351F4FD97D0C}.Debug|Any CPU.ActiveCfg = Debug|Any CPU
		{4350331B-B6A5-40C8-904B-351F4FD97D0C}.Debug|Any CPU.Build.0 = Debug|Any CPU
		{4350331B-B6A5-40C8-904B-351F4FD97D0C}.Release|Any CPU.ActiveCfg = Release|Any CPU
		{4350331B-B6A5-40C8-904B-351F4FD97D0C}.Release|Any CPU.Build.0 = Release|Any CPU
		{C3605B83-16B0-409B-89A5-48E523E8C376}.Debug|Any CPU.ActiveCfg = Debug|Any CPU
		{C3605B83-16B0-409B-89A5-48E523E8C376}.Debug|Any CPU.Build.0 = Debug|Any CPU
		{C3605B83-16B0-409B-89A5-48E523E8C376}.Release|Any CPU.ActiveCfg = Release|Any CPU
		{C3605B83-16B0-409B-89A5-48E523E8C376}.Release|Any CPU.Build.0 = Release|Any CPU
	EndGlobalSection
	GlobalSection(SolutionProperties) = preSolution
		HideSolutionNode = FALSE
	EndGlobalSection
	GlobalSection(ExtensibilityGlobals) = postSolution
		SolutionGuid = {1B08F04D-2D85-4DC3-868F-5B51B405C5A2}
	EndGlobalSection
EndGlobal
